
Microsoft Visual Studio Solution File, Format Version 12.00
# Visual Studio 15
VisualStudioVersion = 15.0.28307.489
MinimumVisualStudioVersion = 10.0.40219.1
Project("{FAE04EC0-301F-11D3-BF4B-00C04F79EFBC}") = "ImportExcellExe", "ImportExcellExe\ImportExcellExe.csproj", "{815E12C5-38C4-4637-9DE1-926A9E2E4227}"
EndProject
Global
	GlobalSection(SolutionConfigurationPlatforms) = preSolution
		Debug|Any CPU = Debug|Any CPU
		Release|Any CPU = Release|Any CPU
	EndGlobalSection
	GlobalSection(ProjectConfigurationPlatforms) = postSolution
		{815E12C5-38C4-4637-9DE1-926A9E2E4227}.Debug|Any CPU.ActiveCfg = Debug|Any CPU
		{815E12C5-38C4-4637-9DE1-926A9E2E4227}.Debug|Any CPU.Build.0 = Debug|Any CPU
		{815E12C5-38C4-4637-9DE1-926A9E2E4227}.Release|Any CPU.ActiveCfg = Release|Any CPU
		{815E12C5-38C4-4637-9DE1-926A9E2E4227}.Release|Any CPU.Build.0 = Release|Any CPU
	EndGlobalSection
	GlobalSection(SolutionProperties) = preSolution
		HideSolutionNode = FALSE
	EndGlobalSection
	GlobalSection(ExtensibilityGlobals) = postSolution
		SolutionGuid = {FD62E8E7-F89A-4771-9BD6-E03D99C9428E}
	EndGlobalSection
EndGlobal
